
Microsoft Visual Studio Solution File, Format Version 12.00
# Visual Studio 15
Project("{FAE04EC0-301F-11D3-BF4B-00C04F79EFBC}") = "NEP5", "NEP5\NEP5.csproj", "{3789708D-F457-4876-85F1-AA3D6C0177EA}"
EndProject
Global
	GlobalSection(SolutionConfigurationPlatforms) = preSolution
		Debug|Any CPU = Debug|Any CPU
		Release|Any CPU = Release|Any CPU
	EndGlobalSection
	GlobalSection(ProjectConfigurationPlatforms) = postSolution
		{3789708D-F457-4876-85F1-AA3D6C0177EA}.Debug|Any CPU.ActiveCfg = Debug|Any CPU
		{3789708D-F457-4876-85F1-AA3D6C0177EA}.Debug|Any CPU.Build.0 = Debug|Any CPU
		{3789708D-F457-4876-85F1-AA3D6C0177EA}.Release|Any CPU.ActiveCfg = Release|Any CPU
		{3789708D-F457-4876-85F1-AA3D6C0177EA}.Release|Any CPU.Build.0 = Release|Any CPU
	EndGlobalSection
EndGlobal
